github.com/MaryLynJuana/KPI_Assembly_System v0.0.0-20210429121941-069d072b648f h1:Ei/P8dE5fBX6fevVgaDIiE1sOpNHuvXnAHw6yi2vP7A=
github.com/MaryLynJuana/KPI_Assembly_System v0.0.0-20210429121941-069d072b648f/go.mod h1:EcO/Hcplf6xXai0FIkQvNS1CPt483fm3Y3f2BSsU0YA=
github.com/google/blueprint v0.0.0-20200305182927-215230a3e856/go.mod h1:XjUnsvcdWlyS1DoCAZHjS8jPbP1bs2O3WSrDMgG7Bxc=
github.com/roman-mazur/bood v0.0.6/go.mod h1:w66c0jFfvSmRX1lP0p5kwz4373VuJYOhX02O6cQxFgc=
